
Microsoft Visual Studio Solution File, Format Version 12.00
# Visual Studio 15
VisualStudioVersion = 15.0.28307.1022
MinimumVisualStudioVersion = 10.0.40219.1
Project("{8BC9CEB8-8B4A-11D0-8D11-00A0C91BC942}") = "20200522", "20200522\20200522.vcxproj", "{56FDB697-006E-48B2-840B-48536C9A76B9}"
EndProject
Global
	GlobalSection(SolutionConfigurationPlatforms) = preSolution
		Debug|x64 = Debug|x64
		Debug|x86 = Debug|x86
		Release|x64 = Release|x64
		Release|x86 = Release|x86
	EndGlobalSection
	GlobalSection(ProjectConfigurationPlatforms) = postSolution
		{56FDB697-006E-48B2-840B-48536C9A76B9}.Debug|x64.ActiveCfg = Debug|x64
		{56FDB697-006E-48B2-840B-48536C9A76B9}.Debug|x64.Build.0 = Debug|x64
		{56FDB697-006E-48B2-840B-48536C9A76B9}.Debug|x86.ActiveCfg = Debug|Win32
		{56FDB697-006E-48B2-840B-48536C9A76B9}.Debug|x86.Build.0 = Debug|Win32
		{56FDB697-006E-48B2-840B-48536C9A76B9}.Release|x64.ActiveCfg = Release|x64
		{56FDB697-006E-48B2-840B-48536C9A76B9}.Release|x64.Build.0 = Release|x64
		{56FDB697-006E-48B2-840B-48536C9A76B9}.Release|x86.ActiveCfg = Release|Win32
		{56FDB697-006E-48B2-840B-48536C9A76B9}.Release|x86.Build.0 = Release|Win32
	EndGlobalSection
	GlobalSection(SolutionProperties) = preSolution
		HideSolutionNode = FALSE
	EndGlobalSection
	GlobalSection(ExtensibilityGlobals) = postSolution
		SolutionGuid = {A0027B07-1AAD-469D-8279-407049D0F2BB}
	EndGlobalSection
EndGlobal
